
Microsoft Visual Studio Solution File, Format Version 12.00
# Visual Studio 15
VisualStudioVersion = 15.0.28307.168
MinimumVisualStudioVersion = 10.0.40219.1
Project("{FAE04EC0-301F-11D3-BF4B-00C04F79EFBC}") = "MyNuGet", "MyNuGet\MyNuGet.csproj", "{FCC55D93-E480-49DF-ADB6-6C8CCF755092}"
EndProject
Global
	GlobalSection(SolutionConfigurationPlatforms) = preSolution
		Debug|Any CPU = Debug|Any CPU
		Release|Any CPU = Release|Any CPU
	EndGlobalSection
	GlobalSection(ProjectConfigurationPlatforms) = postSolution
		{FCC55D93-E480-49DF-ADB6-6C8CCF755092}.Debug|Any CPU.ActiveCfg = Debug|Any CPU
		{FCC55D93-E480-49DF-ADB6-6C8CCF755092}.Debug|Any CPU.Build.0 = Debug|Any CPU
		{FCC55D93-E480-49DF-ADB6-6C8CCF755092}.Release|Any CPU.ActiveCfg = Release|Any CPU
		{FCC55D93-E480-49DF-ADB6-6C8CCF755092}.Release|Any CPU.Build.0 = Release|Any CPU
	EndGlobalSection
	GlobalSection(SolutionProperties) = preSolution
		HideSolutionNode = FALSE
	EndGlobalSection
	GlobalSection(ExtensibilityGlobals) = postSolution
		SolutionGuid = {66E24468-89A7-44F9-BDDF-AF6A40446AC1}
	EndGlobalSection
EndGlobal
